<?xml version="1.0" encoding="utf-8"?>
<Project ToolsVersion="4.0" xmlns="http://schemas.microsoft.com/developer/msbuild/2003">
  <ItemGroup>
    <ClCompile Include="PreCompile.cpp">
      <Filter>00.GameApp\00.Precom</Filter>
    </ClCompile>
    <ClCompile Include="UserGame_Resources_Shader.cpp">
      <Filter>00.GameApp\01.Core\Resources</Filter>
    </ClCompile>
    <ClCompile Include="MeshLoadLevel.cpp">
      <Filter>01.GameObject\03.Level\MeshLoadLevel</Filter>
    </ClCompile>
    <ClCompile Include="UserGame.cpp">
      <Filter>00.GameApp\01.Core</Filter>
    </ClCompile>
    <ClCompile Include="UserGame_Resources.cpp">
      <Filter>00.GameApp\01.Core</Filter>
    </ClCompile>
    <ClCompile Include="TestPlayer.cpp">
      <Filter>01.GameObject\03.Level\MeshLoadLevel\Actor</Filter>
    </ClCompile>
    <ClCompile Include="ItemBoxManager.cpp">
      <Filter>01.GameObject\03.Level\LumiaLevel\Actor\ItemBox</Filter>
    </ClCompile>
    <ClCompile Include="ItemBoxWindow.cpp">
      <Filter>01.GameObject\03.Level\LumiaLevel\Actor\ItemBox\ImGui</Filter>
    </ClCompile>
    <ClCompile Include="SettingItemLevel.cpp">
      <Filter>01.GameObject\03.Level\SettingItemLevel</Filter>
    </ClCompile>
    <ClCompile Include="ItemBase.cpp">
      <Filter>01.GameObject\03.Level\LumiaLevel\Actor\ItemBox\Item</Filter>
    </ClCompile>
    <ClCompile Include="EquipmentItem.cpp">
      <Filter>01.GameObject\03.Level\LumiaLevel\Actor\ItemBox\Item</Filter>
    </ClCompile>
    <ClCompile Include="MiscItem.cpp">
      <Filter>01.GameObject\03.Level\LumiaLevel\Actor\ItemBox\Item</Filter>
    </ClCompile>
    <ClCompile Include="UseableItem.cpp">
      <Filter>01.GameObject\03.Level\LumiaLevel\Actor\ItemBox\Item</Filter>
    </ClCompile>
    <ClCompile Include="ItemBox.cpp">
      <Filter>01.GameObject\03.Level\LumiaLevel\Actor\ItemBox</Filter>
    </ClCompile>
    <ClCompile Include="CreateItemDB.cpp">
      <Filter>01.GameObject\03.Level\LumiaLevel\Actor\ItemBox</Filter>
    </ClCompile>
    <ClCompile Include="ChattingPacket.cpp">
      <Filter>02.GameServer\UserPacket</Filter>
    </ClCompile>
    <ClCompile Include="ServerTestLevel.cpp">
      <Filter>02.GameServer\ServerTempTest</Filter>
    </ClCompile>
    <ClCompile Include="KeyboardClass.cpp">
      <Filter>02.GameServer\ServerTempTest\Chat</Filter>
    </ClCompile>
    <ClCompile Include="KeyboardEvent.cpp">
      <Filter>02.GameServer\ServerTempTest\Chat</Filter>
    </ClCompile>
    <ClCompile Include="ChattingInput.cpp">
      <Filter>02.GameServer\ServerTempTest\Chat</Filter>
    </ClCompile>
    <ClCompile Include="ChattingHistory.cpp">
      <Filter>02.GameServer\ServerTempTest\Chat</Filter>
    </ClCompile>
    <ClCompile Include="LumiaLevel.cpp">
      <Filter>01.GameObject\03.Level</Filter>
    </ClCompile>
    <ClCompile Include="MousePointer.cpp">
      <Filter>01.GameObject\02.GlobalActor</Filter>
    </ClCompile>
    <ClCompile Include="LobbyLevel.cpp">
      <Filter>01.GameObject\03.Level\LobbyLevel</Filter>
    </ClCompile>
    <ClCompile Include="LumiaLevel.cpp">
      <Filter>01.GameObject\03.Level\LumiaLevel</Filter>
    </ClCompile>
    <ClCompile Include="LumiaMap.cpp">
      <Filter>01.GameObject\03.Level\LumiaLevel</Filter>
    </ClCompile>
    <ClCompile Include="ResultLevel.cpp">
      <Filter>01.GameObject\03.Level\ResultLevel</Filter>
    </ClCompile>
    <ClCompile Include="TitleLevel.cpp">
      <Filter>01.GameObject\03.Level\TitleLevel</Filter>
    </ClCompile>
    <ClCompile Include="EndingLevel.cpp">
      <Filter>01.GameObject\03.Level\EndingLevel</Filter>
    </ClCompile>
    <ClCompile Include="LobbyLevel.cpp">
      <Filter>01.GameObject\03.Level\LobbyLevel</Filter>
    </ClCompile>
    <ClCompile Include="Appmain.cpp">
      <Filter>00.GameApp</Filter>
    </ClCompile>
    <ClCompile Include="TempLobbyRenderer.cpp">
      <Filter>01.GameObject\03.Level\LobbyLevel</Filter>
    </ClCompile>
    <ClCompile Include="CharSelectPacket.cpp">
      <Filter>01.GameObject\03.Level\LobbyLevel\Packet</Filter>
    </ClCompile>
    <ClCompile Include="PlayerNumberPacket.cpp">
      <Filter>01.GameObject\03.Level\LobbyLevel\Packet</Filter>
    </ClCompile>
    <ClCompile Include="GameJoinPacket.cpp">
      <Filter>01.GameObject\03.Level\LobbyLevel\Packet</Filter>
    </ClCompile>
    <ClCompile Include="ReadyPacket.cpp">
      <Filter>01.GameObject\03.Level\LobbyLevel\Packet</Filter>
    </ClCompile>
    <ClCompile Include="GameServer.cpp">
      <Filter>02.GameServer</Filter>
    </ClCompile>
    <ClCompile Include="PlayerInfoManager.cpp">
      <Filter>02.GameServer</Filter>
    </ClCompile>
    <ClCompile Include="GameClient.cpp">
      <Filter>02.GameServer</Filter>
    </ClCompile>
    <ClCompile Include="GameJoinPacket2.cpp">
      <Filter>01.GameObject\03.Level\LobbyLevel\Packet</Filter>
    </ClCompile>
    <ClCompile Include="SetPlayerNumberPacket.cpp">
      <Filter>01.GameObject\03.Level\LobbyLevel\Packet</Filter>
    </ClCompile>
    <ClCompile Include="LoadingLumiaPacket.cpp">
      <Filter>01.GameObject\03.Level\LobbyLevel\Packet</Filter>
    </ClCompile>
    <ClCompile Include="LumiaLoadingManager.cpp">
      <Filter>02.GameServer</Filter>
    </ClCompile>
    <ClCompile Include="Rio.cpp">
      <Filter>01.GameObject\03.Level\LumiaLevel\Actor</Filter>
    </ClCompile>
    <ClCompile Include="TitleIDInput.cpp">
      <Filter>01.GameObject\03.Level\TitleLevel</Filter>
    </ClCompile>
    <ClCompile Include="LobbyToLumiaPacket.cpp">
      <Filter>01.GameObject\03.Level\LobbyLevel\Packet</Filter>
    </ClCompile>
    <ClCompile Include="TitleUIController.cpp">
      <Filter>01.GameObject\03.Level\TitleLevel\UI</Filter>
    </ClCompile>
    <ClCompile Include="TitlePrologueBG.cpp">
      <Filter>01.GameObject\03.Level\TitleLevel\UI</Filter>
    </ClCompile>
    <ClCompile Include="TitleBG.cpp">
      <Filter>01.GameObject\03.Level\TitleLevel\UI</Filter>
    </ClCompile>
    <ClCompile Include="TitleStartButton.cpp">
      <Filter>01.GameObject\03.Level\TitleLevel\UI</Filter>
    </ClCompile>
    <ClCompile Include="TitleFoxLogo.cpp">
      <Filter>01.GameObject\03.Level\TitleLevel\UI</Filter>
    </ClCompile>
    <ClCompile Include="AStarNode.cpp">
      <Filter>01.GameObject\03.Level\LumiaLevel\NavMesh</Filter>
    </ClCompile>
    <ClCompile Include="NavMesh.cpp">
      <Filter>01.GameObject\03.Level\LumiaLevel\NavMesh</Filter>
    </ClCompile>
    <ClCompile Include="Lobby_ButtonOne.cpp">
      <Filter>01.GameObject\03.Level\LobbyLevel\UI</Filter>
    </ClCompile>
    <ClCompile Include="Lobby_ButtonTwo.cpp">
      <Filter>01.GameObject\03.Level\LobbyLevel\UI</Filter>
    </ClCompile>
    <ClCompile Include="Lobby_CharFull.cpp">
      <Filter>01.GameObject\03.Level\LobbyLevel\UI</Filter>
    </ClCompile>
    <ClCompile Include="Lobby_Map.cpp">
      <Filter>01.GameObject\03.Level\LobbyLevel\UI</Filter>
    </ClCompile>
    <ClCompile Include="Lobby_PortraitBg.cpp">
      <Filter>01.GameObject\03.Level\LobbyLevel\UI</Filter>
    </ClCompile>
    <ClCompile Include="Lobby_StartButton.cpp">
      <Filter>01.GameObject\03.Level\LobbyLevel\UI</Filter>
    </ClCompile>
    <ClCompile Include="LobbyBackground.cpp">
      <Filter>01.GameObject\03.Level\LobbyLevel\UI</Filter>
    </ClCompile>
    <ClCompile Include="LobbyUIController.cpp">
      <Filter>01.GameObject\03.Level\LobbyLevel\UI</Filter>
    </ClCompile>
    <ClCompile Include="UI_CharPicture.cpp">
      <Filter>01.GameObject\03.Level\LumiaLevel\UI</Filter>
    </ClCompile>
    <ClCompile Include="UI_Equip.cpp">
      <Filter>01.GameObject\03.Level\LumiaLevel\UI</Filter>
    </ClCompile>
    <ClCompile Include="UI_Inventory.cpp">
      <Filter>01.GameObject\03.Level\LumiaLevel\UI</Filter>
    </ClCompile>
    <ClCompile Include="UI_ItemBox.cpp">
      <Filter>01.GameObject\03.Level\LumiaLevel\UI</Filter>
    </ClCompile>
    <ClCompile Include="UI_Skill.cpp">
      <Filter>01.GameObject\03.Level\LumiaLevel\UI</Filter>
    </ClCompile>
    <ClCompile Include="UI_Status.cpp">
      <Filter>01.GameObject\03.Level\LumiaLevel\UI</Filter>
    </ClCompile>
    <ClCompile Include="UI_TestMouse.cpp">
      <Filter>01.GameObject\03.Level\LumiaLevel\UI</Filter>
    </ClCompile>
    <ClCompile Include="LumiaUIController.cpp">
      <Filter>01.GameObject\03.Level\LumiaLevel\UI</Filter>
    </ClCompile>
    <ClCompile Include="Character.cpp">
      <Filter>01.GameObject\03.Level\LumiaLevel\Actor</Filter>
    </ClCompile>
    <ClCompile Include="StartPointSelectPacket.cpp">
      <Filter>01.GameObject\03.Level\LobbyLevel\Packet</Filter>
    </ClCompile>
    <ClCompile Include="CharacterStat.cpp">
      <Filter>01.GameObject\03.Level\LumiaLevel\Actor</Filter>
    </ClCompile>
  </ItemGroup>
  <ItemGroup>
    <Filter Include="00.GameApp">
      <UniqueIdentifier>{97e149dc-7ede-46de-a3aa-c1dd3bb2785a}</UniqueIdentifier>
    </Filter>
    <Filter Include="00.GameApp\00.Precom">
      <UniqueIdentifier>{0d0b75c7-5726-42b1-aa92-879451e131c1}</UniqueIdentifier>
    </Filter>
    <Filter Include="00.GameApp\01.Core">
      <UniqueIdentifier>{e9202fd3-1d82-4b24-95c9-d9783411c25a}</UniqueIdentifier>
    </Filter>
    <Filter Include="00.GameApp\01.Core\Resources">
      <UniqueIdentifier>{097aabc9-6df0-4d53-a9ed-77681a8002e4}</UniqueIdentifier>
    </Filter>
    <Filter Include="00.GameApp\01.Core\CustomVertex">
      <UniqueIdentifier>{16842167-2534-42db-8026-796a267ad72b}</UniqueIdentifier>
    </Filter>
    <Filter Include="01.GameObject">
      <UniqueIdentifier>{7b108a2e-bcd5-4fed-b937-95af2ec8b5b6}</UniqueIdentifier>
    </Filter>
    <Filter Include="01.GameObject\00.Constant">
      <UniqueIdentifier>{fe7eca9f-4c96-41c7-9a5e-95d402951209}</UniqueIdentifier>
    </Filter>
    <Filter Include="01.GameObject\01.BaseActor">
      <UniqueIdentifier>{da4abc2b-3a0e-4baf-9045-7c4fd649a8b1}</UniqueIdentifier>
    </Filter>
    <Filter Include="01.GameObject\02.GlobalActor">
      <UniqueIdentifier>{5b1798ae-0845-4fbe-8a16-76e0e38dd1a8}</UniqueIdentifier>
    </Filter>
    <Filter Include="01.GameObject\03.Level">
      <UniqueIdentifier>{e6998438-49d5-445a-83ae-2e78e52a45df}</UniqueIdentifier>
    </Filter>
    <Filter Include="01.GameObject\03.Level\MeshLoadLevel">
      <UniqueIdentifier>{e7fc81f9-dff4-4828-83dd-89047b857231}</UniqueIdentifier>
    </Filter>
    <Filter Include="01.GameObject\03.Level\MeshLoadLevel\Actor">
      <UniqueIdentifier>{6dfae342-c1d4-4e78-af66-4069ade280e4}</UniqueIdentifier>
    </Filter>
    <Filter Include="01.GameObject\03.Level\SettingItemLevel">
      <UniqueIdentifier>{1a76d953-e652-4ef7-a945-097cf5d62d1e}</UniqueIdentifier>
    </Filter>
    <Filter Include="02.GameServer">
      <UniqueIdentifier>{ec59804c-ce69-4aa8-8e47-3c267954bad4}</UniqueIdentifier>
    </Filter>
    <Filter Include="02.GameServer\ServerTempTest">
      <UniqueIdentifier>{960b4ba1-5372-4860-847f-205985d0f620}</UniqueIdentifier>
    </Filter>
    <Filter Include="02.GameServer\ServerTempTest\Chat">
      <UniqueIdentifier>{ca2a399b-8418-4a26-90b4-d76d4113447c}</UniqueIdentifier>
    </Filter>
    <Filter Include="01.GameObject\03.Level\LumiaLevel">
      <UniqueIdentifier>{19f35235-a09b-466f-87df-ae6814653a3a}</UniqueIdentifier>
    </Filter>
    <Filter Include="01.GameObject\03.Level\EndingLevel">
      <UniqueIdentifier>{e27bf43a-d54c-4e79-af41-e0df728cf7c8}</UniqueIdentifier>
    </Filter>
    <Filter Include="01.GameObject\03.Level\TitleLevel">
      <UniqueIdentifier>{a56589c2-b60a-46ae-a6a5-ace05495ffee}</UniqueIdentifier>
    </Filter>
    <Filter Include="01.GameObject\03.Level\ResultLevel">
      <UniqueIdentifier>{321d0616-5aee-47bd-b7a2-beb61fb99d69}</UniqueIdentifier>
    </Filter>
    <Filter Include="01.GameObject\03.Level\LobbyLevel">
      <UniqueIdentifier>{97963e10-a8e1-4463-b375-61dadcec8113}</UniqueIdentifier>
    </Filter>
    <Filter Include="01.GameObject\03.Level\LobbyLevel\Packet">
      <UniqueIdentifier>{066b3202-ccb9-4468-bec0-025f8d829ffa}</UniqueIdentifier>
    </Filter>
    <Filter Include="02.GameServer\UserPacket">
      <UniqueIdentifier>{7eb45933-a75d-4834-ace2-5b878554f920}</UniqueIdentifier>
    </Filter>
    <Filter Include="01.GameObject\03.Level\LumiaLevel\NavMesh">
      <UniqueIdentifier>{334917f0-e7bf-42b0-9856-9d921017c925}</UniqueIdentifier>
    </Filter>
    <Filter Include="01.GameObject\03.Level\LumiaLevel\Actor">
      <UniqueIdentifier>{e1cce04c-4094-49a6-ac6d-e9d77e1032ad}</UniqueIdentifier>
    </Filter>
    <Filter Include="01.GameObject\03.Level\TitleLevel\UI">
      <UniqueIdentifier>{859b87d4-611c-461e-9a0d-8fd944a92dcf}</UniqueIdentifier>
    </Filter>
    <Filter Include="01.GameObject\03.Level\LobbyLevel\UI">
      <UniqueIdentifier>{14b5c0b5-bfb6-48ba-8869-0f7f3dd66096}</UniqueIdentifier>
    </Filter>
    <Filter Include="01.GameObject\03.Level\LumiaLevel\UI">
      <UniqueIdentifier>{7e136e69-cfc6-4c6b-9e7a-54327f7aa09f}</UniqueIdentifier>
    </Filter>
    <Filter Include="01.GameObject\03.Level\LumiaLevel\Actor\Monster">
      <UniqueIdentifier>{4be7792c-6408-4c7a-a48b-671971ab9849}</UniqueIdentifier>
    </Filter>
    <Filter Include="01.GameObject\03.Level\LumiaLevel\Actor\ItemBox">
      <UniqueIdentifier>{9d59b63a-92d1-40aa-98c2-e7108f6f4c56}</UniqueIdentifier>
    </Filter>
    <Filter Include="01.GameObject\03.Level\LumiaLevel\Actor\ItemBox\ImGui">
      <UniqueIdentifier>{e248f191-76c6-41b3-9a24-4dd6c0ce8063}</UniqueIdentifier>
    </Filter>
    <Filter Include="01.GameObject\03.Level\LumiaLevel\Actor\ItemBox\Item">
      <UniqueIdentifier>{d3852990-4947-495d-8087-5498048dc846}</UniqueIdentifier>
    </Filter>
  </ItemGroup>
  <ItemGroup>
    <ClInclude Include="PreCompile.h">
      <Filter>00.GameApp\00.Precom</Filter>
    </ClInclude>
    <ClInclude Include="CustomVertex.h">
      <Filter>00.GameApp\01.Core\CustomVertex</Filter>
    </ClInclude>
    <ClInclude Include="UserGame_Resources_Shader.h">
      <Filter>00.GameApp\01.Core\Resources</Filter>
    </ClInclude>
    <ClInclude Include="MeshLoadLevel.h">
      <Filter>01.GameObject\03.Level\MeshLoadLevel</Filter>
    </ClInclude>
    <ClInclude Include="UserGame.h">
      <Filter>00.GameApp\01.Core</Filter>
    </ClInclude>
    <ClInclude Include="TestPlayer.h">
      <Filter>01.GameObject\03.Level\MeshLoadLevel\Actor</Filter>
    </ClInclude>
    <ClInclude Include="Macro.h">
      <Filter>01.GameObject\00.Constant</Filter>
    </ClInclude>
    <ClInclude Include="eCollisionGroup.h">
      <Filter>01.GameObject\00.Constant</Filter>
    </ClInclude>
    <ClInclude Include="ItemBoxManager.h">
      <Filter>01.GameObject\03.Level\LumiaLevel\Actor\ItemBox</Filter>
    </ClInclude>
    <ClInclude Include="ItemBoxWindow.h">
      <Filter>01.GameObject\03.Level\LumiaLevel\Actor\ItemBox\ImGui</Filter>
    </ClInclude>
    <ClInclude Include="SettingItemLevel.h">
      <Filter>01.GameObject\03.Level\SettingItemLevel</Filter>
    </ClInclude>
    <ClInclude Include="ItemBase.h">
      <Filter>01.GameObject\03.Level\LumiaLevel\Actor\ItemBox\Item</Filter>
    </ClInclude>
    <ClInclude Include="EquipmentItem.h">
      <Filter>01.GameObject\03.Level\LumiaLevel\Actor\ItemBox\Item</Filter>
    </ClInclude>
    <ClInclude Include="Enums.h">
      <Filter>01.GameObject\00.Constant</Filter>
    </ClInclude>
    <ClInclude Include="MiscItem.h">
      <Filter>01.GameObject\03.Level\LumiaLevel\Actor\ItemBox\Item</Filter>
    </ClInclude>
    <ClInclude Include="UseableItem.h">
      <Filter>01.GameObject\03.Level\LumiaLevel\Actor\ItemBox\Item</Filter>
    </ClInclude>
    <ClInclude Include="ItemBox.h">
      <Filter>01.GameObject\03.Level\LumiaLevel\Actor\ItemBox</Filter>
    </ClInclude>
    <ClInclude Include="ChattingPacket.h">
      <Filter>02.GameServer\UserPacket</Filter>
    </ClInclude>
    <ClInclude Include="ServerTestLevel.h">
      <Filter>02.GameServer\ServerTempTest</Filter>
    </ClInclude>
    <ClInclude Include="KeyboardClass.h">
      <Filter>02.GameServer\ServerTempTest\Chat</Filter>
    </ClInclude>
    <ClInclude Include="KeyboardEvent.h">
      <Filter>02.GameServer\ServerTempTest\Chat</Filter>
    </ClInclude>
    <ClInclude Include="ChattingInput.h">
      <Filter>02.GameServer\ServerTempTest\Chat</Filter>
    </ClInclude>
    <ClInclude Include="ChattingHistory.h">
      <Filter>02.GameServer\ServerTempTest\Chat</Filter>
    </ClInclude>
    <ClInclude Include="LumiaLevel.h">
      <Filter>01.GameObject\03.Level</Filter>
    </ClInclude>
    <ClInclude Include="MousePointer.h">
      <Filter>01.GameObject\02.GlobalActor</Filter>
    </ClInclude>
    <ClInclude Include="LobbyLevel.h">
      <Filter>01.GameObject\03.Level\LobbyLevel</Filter>
    </ClInclude>
    <ClInclude Include="LumiaLevel.h">
      <Filter>01.GameObject\03.Level\LumiaLevel</Filter>
    </ClInclude>
    <ClInclude Include="LumiaMap.h">
      <Filter>01.GameObject\03.Level\LumiaLevel</Filter>
    </ClInclude>
    <ClInclude Include="ResultLevel.h">
      <Filter>01.GameObject\03.Level\ResultLevel</Filter>
    </ClInclude>
    <ClInclude Include="TitleLevel.h">
      <Filter>01.GameObject\03.Level\TitleLevel</Filter>
    </ClInclude>
    <ClInclude Include="EndingLevel.h">
      <Filter>01.GameObject\03.Level\EndingLevel</Filter>
    </ClInclude>
    <ClInclude Include="LobbyLevel.h">
      <Filter>01.GameObject\03.Level\LobbyLevel</Filter>
    </ClInclude>
    <ClInclude Include="TempLobbyRenderer.h">
      <Filter>01.GameObject\03.Level\LobbyLevel</Filter>
    </ClInclude>
    <ClInclude Include="ePacketID.h">
      <Filter>01.GameObject\00.Constant</Filter>
    </ClInclude>
    <ClInclude Include="CharSelectPacket.h">
      <Filter>01.GameObject\03.Level\LobbyLevel\Packet</Filter>
    </ClInclude>
    <ClInclude Include="PlayerNumberPacket.h">
      <Filter>01.GameObject\03.Level\LobbyLevel\Packet</Filter>
    </ClInclude>
    <ClInclude Include="GameJoinPacket.h">
      <Filter>01.GameObject\03.Level\LobbyLevel\Packet</Filter>
    </ClInclude>
    <ClInclude Include="ReadyPacket.h">
      <Filter>01.GameObject\03.Level\LobbyLevel\Packet</Filter>
    </ClInclude>
    <ClInclude Include="PlayerInfoManager.h">
      <Filter>02.GameServer</Filter>
    </ClInclude>
    <ClInclude Include="GameServer.h">
      <Filter>02.GameServer</Filter>
    </ClInclude>
    <ClInclude Include="PlayerInfo.h">
      <Filter>02.GameServer</Filter>
    </ClInclude>
    <ClInclude Include="GameClient.h">
      <Filter>02.GameServer</Filter>
    </ClInclude>
    <ClInclude Include="GameJoinPacket2.h">
      <Filter>01.GameObject\03.Level\LobbyLevel\Packet</Filter>
    </ClInclude>
    <ClInclude Include="SetPlayerNumberPacket.h">
      <Filter>01.GameObject\03.Level\LobbyLevel\Packet</Filter>
    </ClInclude>
    <ClInclude Include="LoadingLumiaPacket.h">
      <Filter>01.GameObject\03.Level\LobbyLevel\Packet</Filter>
    </ClInclude>
    <ClInclude Include="LumiaLoadingManager.h">
      <Filter>02.GameServer</Filter>
    </ClInclude>
    <ClInclude Include="Rio.h">
      <Filter>01.GameObject\03.Level\LumiaLevel\Actor</Filter>
    </ClInclude>
    <ClInclude Include="TitleIDInput.h">
      <Filter>01.GameObject\03.Level\TitleLevel</Filter>
    </ClInclude>
    <ClInclude Include="LobbyToLumiaPacket.h">
      <Filter>01.GameObject\03.Level\LobbyLevel\Packet</Filter>
    </ClInclude>
    <ClInclude Include="TitleUIController.h">
      <Filter>01.GameObject\03.Level\TitleLevel\UI</Filter>
    </ClInclude>
    <ClInclude Include="TitlePrologueBG.h">
      <Filter>01.GameObject\03.Level\TitleLevel\UI</Filter>
    </ClInclude>
    <ClInclude Include="TitleBG.h">
      <Filter>01.GameObject\03.Level\TitleLevel\UI</Filter>
    </ClInclude>
    <ClInclude Include="TitleStartButton.h">
      <Filter>01.GameObject\03.Level\TitleLevel\UI</Filter>
    </ClInclude>
    <ClInclude Include="TitleFoxLogo.h">
      <Filter>01.GameObject\03.Level\TitleLevel\UI</Filter>
    </ClInclude>
    <ClInclude Include="NavMesh.h">
      <Filter>01.GameObject\03.Level\LumiaLevel\NavMesh</Filter>
    </ClInclude>
    <ClInclude Include="AStarNode.h">
      <Filter>01.GameObject\03.Level\LumiaLevel\NavMesh</Filter>
    </ClInclude>
    <ClInclude Include="Lobby_ButtonOne.h">
      <Filter>01.GameObject\03.Level\LobbyLevel\UI</Filter>
    </ClInclude>
    <ClInclude Include="Lobby_ButtonTwo.h">
      <Filter>01.GameObject\03.Level\LobbyLevel\UI</Filter>
    </ClInclude>
    <ClInclude Include="Lobby_CharFull.h">
      <Filter>01.GameObject\03.Level\LobbyLevel\UI</Filter>
    </ClInclude>
    <ClInclude Include="Lobby_Map.h">
      <Filter>01.GameObject\03.Level\LobbyLevel\UI</Filter>
    </ClInclude>
    <ClInclude Include="Lobby_PortraitBg.h">
      <Filter>01.GameObject\03.Level\LobbyLevel\UI</Filter>
    </ClInclude>
    <ClInclude Include="Lobby_StartButton.h">
      <Filter>01.GameObject\03.Level\LobbyLevel\UI</Filter>
    </ClInclude>
    <ClInclude Include="LobbyBackground.h">
      <Filter>01.GameObject\03.Level\LobbyLevel\UI</Filter>
    </ClInclude>
    <ClInclude Include="LobbyUIController.h">
      <Filter>01.GameObject\03.Level\LobbyLevel\UI</Filter>
    </ClInclude>
    <ClInclude Include="UI_CharPicture.h">
      <Filter>01.GameObject\03.Level\LumiaLevel\UI</Filter>
    </ClInclude>
    <ClInclude Include="UI_Equip.h">
      <Filter>01.GameObject\03.Level\LumiaLevel\UI</Filter>
    </ClInclude>
    <ClInclude Include="UI_Inventory.h">
      <Filter>01.GameObject\03.Level\LumiaLevel\UI</Filter>
    </ClInclude>
    <ClInclude Include="UI_ItemBox.h">
      <Filter>01.GameObject\03.Level\LumiaLevel\UI</Filter>
    </ClInclude>
    <ClInclude Include="UI_Skill.h">
      <Filter>01.GameObject\03.Level\LumiaLevel\UI</Filter>
    </ClInclude>
    <ClInclude Include="UI_Status.h">
      <Filter>01.GameObject\03.Level\LumiaLevel\UI</Filter>
    </ClInclude>
    <ClInclude Include="UI_TestMouse.h">
      <Filter>01.GameObject\03.Level\LumiaLevel\UI</Filter>
    </ClInclude>
    <ClInclude Include="LumiaUIController.h">
      <Filter>01.GameObject\03.Level\LumiaLevel\UI</Filter>
    </ClInclude>
    <ClInclude Include="Character.h">
      <Filter>01.GameObject\03.Level\LumiaLevel\Actor</Filter>
    </ClInclude>
    <ClInclude Include="StartPointSelectPacket.h">
      <Filter>01.GameObject\03.Level\LobbyLevel\Packet</Filter>
    </ClInclude>
    <ClInclude Include="CharacterStat.h">
      <Filter>01.GameObject\03.Level\LumiaLevel\Actor</Filter>
    </ClInclude>
  </ItemGroup>
</Project>